
Microsoft Visual Studio Solution File, Format Version 12.00
# Visual Studio Version 17
VisualStudioVersion = 17.0.31903.59
MinimumVisualStudioVersion = 10.0.40219.1
Project("{FAE04EC0-301F-11D3-BF4B-00C04F79EFBC}") = "Helpdesk.Domain", "Src\Helpdesk.Domain\Helpdesk.Domain.csproj", "{7C8D1234-5678-4321-9ABC-DEF012345678}"
EndProject
Project("{FAE04EC0-301F-11D3-BF4B-00C04F79EFBC}") = "Helpdesk.Application", "Src\Helpdesk.Application\Helpdesk.Application.csproj", "{8C8D1234-5678-4321-9ABC-DEF012345678}"
EndProject
Project("{FAE04EC0-301F-11D3-BF4B-00C04F79EFBC}") = "Helpdesk.Infrastructure", "Src\Helpdesk.Infrastructure\Helpdesk.Infrastructure.csproj", "{9C8D1234-5678-4321-9ABC-DEF012345678}"
EndProject
Project("{FAE04EC0-301F-11D3-BF4B-00C04F79EFBC}") = "Helpdesk.Api", "Src\Helpdesk.Api\Helpdesk.Api.csproj", "{AC8D1234-5678-4321-9ABC-DEF012345678}"
EndProject
Project("{FAE04EC0-301F-11D3-BF4B-00C04F79EFBC}") = "Helpdesk.Tests", "Tests\Helpdesk.Tests\Helpdesk.Tests.csproj", "{BC8D1234-5678-4321-9ABC-DEF012345678}"
EndProject
Global
	GlobalSection(SolutionConfigurationPlatforms) = preSolution
		Debug|Any CPU = Debug|Any CPU
		Release|Any CPU = Release|Any CPU
	EndGlobalSection
	GlobalSection(ProjectConfigurationPlatforms) = postSolution
		{7C8D1234-5678-4321-9ABC-DEF012345678}.Debug|Any CPU.ActiveCfg = Debug|Any CPU
		{7C8D1234-5678-4321-9ABC-DEF012345678}.Debug|Any CPU.Build.0 = Debug|Any CPU
		{7C8D1234-5678-4321-9ABC-DEF012345678}.Release|Any CPU.ActiveCfg = Release|Any CPU
		{7C8D1234-5678-4321-9ABC-DEF012345678}.Release|Any CPU.Build.0 = Release|Any CPU
		{8C8D1234-5678-4321-9ABC-DEF012345678}.Debug|Any CPU.ActiveCfg = Debug|Any CPU
		{8C8D1234-5678-4321-9ABC-DEF012345678}.Debug|Any CPU.Build.0 = Debug|Any CPU
		{8C8D1234-5678-4321-9ABC-DEF012345678}.Release|Any CPU.ActiveCfg = Release|Any CPU
		{8C8D1234-5678-4321-9ABC-DEF012345678}.Release|Any CPU.Build.0 = Release|Any CPU
		{9C8D1234-5678-4321-9ABC-DEF012345678}.Debug|Any CPU.ActiveCfg = Debug|Any CPU
		{9C8D1234-5678-4321-9ABC-DEF012345678}.Debug|Any CPU.Build.0 = Debug|Any CPU
		{9C8D1234-5678-4321-9ABC-DEF012345678}.Release|Any CPU.ActiveCfg = Release|Any CPU
		{9C8D1234-5678-4321-9ABC-DEF012345678}.Release|Any CPU.Build.0 = Release|Any CPU
		{AC8D1234-5678-4321-9ABC-DEF012345678}.Debug|Any CPU.ActiveCfg = Debug|Any CPU
		{AC8D1234-5678-4321-9ABC-DEF012345678}.Debug|Any CPU.Build.0 = Debug|Any CPU
		{AC8D1234-5678-4321-9ABC-DEF012345678}.Release|Any CPU.ActiveCfg = Release|Any CPU
		{AC8D1234-5678-4321-9ABC-DEF012345678}.Release|Any CPU.Build.0 = Release|Any CPU
		{BC8D1234-5678-4321-9ABC-DEF012345678}.Debug|Any CPU.ActiveCfg = Debug|Any CPU
		{BC8D1234-5678-4321-9ABC-DEF012345678}.Debug|Any CPU.Build.0 = Debug|Any CPU
		{BC8D1234-5678-4321-9ABC-DEF012345678}.Release|Any CPU.ActiveCfg = Release|Any CPU
		{BC8D1234-5678-4321-9ABC-DEF012345678}.Release|Any CPU.Build.0 = Release|Any CPU
	EndGlobalSection
EndGlobal
